
Microsoft Visual Studio Solution File, Format Version 12.00
# Visual Studio 15
VisualStudioVersion = 15.0.28307.168
MinimumVisualStudioVersion = 10.0.40219.1
Project("{FAE04EC0-301F-11D3-BF4B-00C04F79EFBC}") = "TrainServiceTracker", "TrainServiceTracker\TrainServiceTracker.csproj", "{8B3612E7-97B1-487B-854B-0FBF7B9947E0}"
EndProject
Project("{FAE04EC0-301F-11D3-BF4B-00C04F79EFBC}") = "ConsoleApp", "ConsoleApp\ConsoleApp.csproj", "{C154970F-D604-4D6B-9C4D-33B1911A843A}"
EndProject
Global
	GlobalSection(SolutionConfigurationPlatforms) = preSolution
		Debug|Any CPU = Debug|Any CPU
		Release|Any CPU = Release|Any CPU
	EndGlobalSection
	GlobalSection(ProjectConfigurationPlatforms) = postSolution
		{8B3612E7-97B1-487B-854B-0FBF7B9947E0}.Debug|Any CPU.ActiveCfg = Debug|Any CPU
		{8B3612E7-97B1-487B-854B-0FBF7B9947E0}.Debug|Any CPU.Build.0 = Debug|Any CPU
		{8B3612E7-97B1-487B-854B-0FBF7B9947E0}.Release|Any CPU.ActiveCfg = Release|Any CPU
		{8B3612E7-97B1-487B-854B-0FBF7B9947E0}.Release|Any CPU.Build.0 = Release|Any CPU
		{C154970F-D604-4D6B-9C4D-33B1911A843A}.Debug|Any CPU.ActiveCfg = Debug|Any CPU
		{C154970F-D604-4D6B-9C4D-33B1911A843A}.Debug|Any CPU.Build.0 = Debug|Any CPU
		{C154970F-D604-4D6B-9C4D-33B1911A843A}.Release|Any CPU.ActiveCfg = Release|Any CPU
		{C154970F-D604-4D6B-9C4D-33B1911A843A}.Release|Any CPU.Build.0 = Release|Any CPU
	EndGlobalSection
	GlobalSection(SolutionProperties) = preSolution
		HideSolutionNode = FALSE
	EndGlobalSection
	GlobalSection(ExtensibilityGlobals) = postSolution
		SolutionGuid = {6AF5B7D0-F8BC-488C-87B8-C327F7880BB2}
	EndGlobalSection
EndGlobal
